
Microsoft Visual Studio Solution File, Format Version 12.00
# Visual Studio Version 17
VisualStudioVersion = 17.6.33829.357
MinimumVisualStudioVersion = 10.0.40219.1
Project("{FAE04EC0-301F-11D3-BF4B-00C04F79EFBC}") = "Filippini.Nicolò.4i.Gelati", "Filippini.Nicolò.4i.Gelati.csproj", "{52E13018-305B-44F1-AB3E-CA81D5D2200D}"
EndProject
Global
	GlobalSection(SolutionConfigurationPlatforms) = preSolution
		Debug|Any CPU = Debug|Any CPU
		Release|Any CPU = Release|Any CPU
	EndGlobalSection
	GlobalSection(ProjectConfigurationPlatforms) = postSolution
		{52E13018-305B-44F1-AB3E-CA81D5D2200D}.Debug|Any CPU.ActiveCfg = Debug|Any CPU
		{52E13018-305B-44F1-AB3E-CA81D5D2200D}.Debug|Any CPU.Build.0 = Debug|Any CPU
		{52E13018-305B-44F1-AB3E-CA81D5D2200D}.Release|Any CPU.ActiveCfg = Release|Any CPU
		{52E13018-305B-44F1-AB3E-CA81D5D2200D}.Release|Any CPU.Build.0 = Release|Any CPU
	EndGlobalSection
	GlobalSection(SolutionProperties) = preSolution
		HideSolutionNode = FALSE
	EndGlobalSection
	GlobalSection(ExtensibilityGlobals) = postSolution
		SolutionGuid = {60C177FB-3ABF-407A-ADC5-60D1594506AA}
	EndGlobalSection
EndGlobal
